
Microsoft Visual Studio Solution File, Format Version 12.00
# Visual Studio Version 17
VisualStudioVersion = 17.4.33213.308
MinimumVisualStudioVersion = 10.0.40219.1
Project("{2150E333-8FDC-42A3-9474-1A3956D46DE8}") = "Test", "Test", "{574B4C66-90A2-4C25-92F5-A2C4863CD184}"
EndProject
Project("{2150E333-8FDC-42A3-9474-1A3956D46DE8}") = "Src", "Src", "{033FE08E-8E65-491D-B55C-6E4054BB05C8}"
EndProject
Project("{2150E333-8FDC-42A3-9474-1A3956D46DE8}") = "Doc", "Doc", "{DF4255EC-92D5-4211-B096-94E708A8ABB5}"
EndProject
Project("{2150E333-8FDC-42A3-9474-1A3956D46DE8}") = "Common", "Common", "{58481D5E-CEEC-4BD5-AC96-C59F95896908}"
EndProject
Project("{2150E333-8FDC-42A3-9474-1A3956D46DE8}") = "Core", "Core", "{796F23C7-DFE0-4E7A-A462-9D1FECDFE2A7}"
EndProject
Project("{2150E333-8FDC-42A3-9474-1A3956D46DE8}") = "Presentation", "Presentation", "{7BF97449-09AA-40AA-B33C-EDDEB64ABF8B}"
EndProject
Project("{2150E333-8FDC-42A3-9474-1A3956D46DE8}") = "Infrastructure", "Infrastructure", "{DC0638C3-C457-4A2D-834D-E95CAC3D385E}"
EndProject
Project("{FAE04EC0-301F-11D3-BF4B-00C04F79EFBC}") = "alefbafilm6.Common", "alefbafilm6.Common\alefbafilm6.Common.csproj", "{49E0F1CA-7627-4A93-8BA6-F495B7B71F69}"
EndProject
Project("{FAE04EC0-301F-11D3-BF4B-00C04F79EFBC}") = "alefbafilm6.Application", "alefbafilm6.Application\alefbafilm6.Application.csproj", "{1CACE7DE-9B6B-4D12-8588-5C95E70A96C9}"
EndProject
Project("{FAE04EC0-301F-11D3-BF4B-00C04F79EFBC}") = "alefbafilm6.Domain", "alefbafilm6.Domain\alefbafilm6.Domain.csproj", "{65B92412-2B18-4B53-BCBE-9D68BA8BEF8F}"
EndProject
Project("{FAE04EC0-301F-11D3-BF4B-00C04F79EFBC}") = "alefbafilm6.Persistence", "alefbafilm6.Persistence\alefbafilm6.Persistence.csproj", "{24B9FB80-C73D-4B0F-AD24-8C2585F8FD29}"
EndProject
Project("{FAE04EC0-301F-11D3-BF4B-00C04F79EFBC}") = "alefbafilm6.Infrastructure", "alefbafilm6.Infrastructure\alefbafilm6.Infrastructure.csproj", "{4EB7CCF3-9E61-490F-83C7-EEBC432E4466}"
EndProject
Project("{FAE04EC0-301F-11D3-BF4B-00C04F79EFBC}") = "Endpoint.Site", "Endpoint.Site\Endpoint.Site.csproj", "{393CFF09-7452-4ACA-9197-0AFA55732D4B}"
EndProject
Global
	GlobalSection(SolutionConfigurationPlatforms) = preSolution
		Debug|Any CPU = Debug|Any CPU
		Release|Any CPU = Release|Any CPU
	EndGlobalSection
	GlobalSection(ProjectConfigurationPlatforms) = postSolution
		{49E0F1CA-7627-4A93-8BA6-F495B7B71F69}.Debug|Any CPU.ActiveCfg = Debug|Any CPU
		{49E0F1CA-7627-4A93-8BA6-F495B7B71F69}.Debug|Any CPU.Build.0 = Debug|Any CPU
		{49E0F1CA-7627-4A93-8BA6-F495B7B71F69}.Release|Any CPU.ActiveCfg = Release|Any CPU
		{49E0F1CA-7627-4A93-8BA6-F495B7B71F69}.Release|Any CPU.Build.0 = Release|Any CPU
		{1CACE7DE-9B6B-4D12-8588-5C95E70A96C9}.Debug|Any CPU.ActiveCfg = Debug|Any CPU
		{1CACE7DE-9B6B-4D12-8588-5C95E70A96C9}.Debug|Any CPU.Build.0 = Debug|Any CPU
		{1CACE7DE-9B6B-4D12-8588-5C95E70A96C9}.Release|Any CPU.ActiveCfg = Release|Any CPU
		{1CACE7DE-9B6B-4D12-8588-5C95E70A96C9}.Release|Any CPU.Build.0 = Release|Any CPU
		{65B92412-2B18-4B53-BCBE-9D68BA8BEF8F}.Debug|Any CPU.ActiveCfg = Debug|Any CPU
		{65B92412-2B18-4B53-BCBE-9D68BA8BEF8F}.Debug|Any CPU.Build.0 = Debug|Any CPU
		{65B92412-2B18-4B53-BCBE-9D68BA8BEF8F}.Release|Any CPU.ActiveCfg = Release|Any CPU
		{65B92412-2B18-4B53-BCBE-9D68BA8BEF8F}.Release|Any CPU.Build.0 = Release|Any CPU
		{24B9FB80-C73D-4B0F-AD24-8C2585F8FD29}.Debug|Any CPU.ActiveCfg = Debug|Any CPU
		{24B9FB80-C73D-4B0F-AD24-8C2585F8FD29}.Debug|Any CPU.Build.0 = Debug|Any CPU
		{24B9FB80-C73D-4B0F-AD24-8C2585F8FD29}.Release|Any CPU.ActiveCfg = Release|Any CPU
		{24B9FB80-C73D-4B0F-AD24-8C2585F8FD29}.Release|Any CPU.Build.0 = Release|Any CPU
		{4EB7CCF3-9E61-490F-83C7-EEBC432E4466}.Debug|Any CPU.ActiveCfg = Debug|Any CPU
		{4EB7CCF3-9E61-490F-83C7-EEBC432E4466}.Debug|Any CPU.Build.0 = Debug|Any CPU
		{4EB7CCF3-9E61-490F-83C7-EEBC432E4466}.Release|Any CPU.ActiveCfg = Release|Any CPU
		{4EB7CCF3-9E61-490F-83C7-EEBC432E4466}.Release|Any CPU.Build.0 = Release|Any CPU
		{393CFF09-7452-4ACA-9197-0AFA55732D4B}.Debug|Any CPU.ActiveCfg = Debug|Any CPU
		{393CFF09-7452-4ACA-9197-0AFA55732D4B}.Debug|Any CPU.Build.0 = Debug|Any CPU
		{393CFF09-7452-4ACA-9197-0AFA55732D4B}.Release|Any CPU.ActiveCfg = Release|Any CPU
		{393CFF09-7452-4ACA-9197-0AFA55732D4B}.Release|Any CPU.Build.0 = Release|Any CPU
	EndGlobalSection
	GlobalSection(SolutionProperties) = preSolution
		HideSolutionNode = FALSE
	EndGlobalSection
	GlobalSection(NestedProjects) = preSolution
		{58481D5E-CEEC-4BD5-AC96-C59F95896908} = {033FE08E-8E65-491D-B55C-6E4054BB05C8}
		{796F23C7-DFE0-4E7A-A462-9D1FECDFE2A7} = {033FE08E-8E65-491D-B55C-6E4054BB05C8}
		{7BF97449-09AA-40AA-B33C-EDDEB64ABF8B} = {033FE08E-8E65-491D-B55C-6E4054BB05C8}
		{DC0638C3-C457-4A2D-834D-E95CAC3D385E} = {033FE08E-8E65-491D-B55C-6E4054BB05C8}
		{49E0F1CA-7627-4A93-8BA6-F495B7B71F69} = {58481D5E-CEEC-4BD5-AC96-C59F95896908}
		{1CACE7DE-9B6B-4D12-8588-5C95E70A96C9} = {796F23C7-DFE0-4E7A-A462-9D1FECDFE2A7}
		{65B92412-2B18-4B53-BCBE-9D68BA8BEF8F} = {796F23C7-DFE0-4E7A-A462-9D1FECDFE2A7}
		{24B9FB80-C73D-4B0F-AD24-8C2585F8FD29} = {DC0638C3-C457-4A2D-834D-E95CAC3D385E}
		{4EB7CCF3-9E61-490F-83C7-EEBC432E4466} = {DC0638C3-C457-4A2D-834D-E95CAC3D385E}
		{393CFF09-7452-4ACA-9197-0AFA55732D4B} = {7BF97449-09AA-40AA-B33C-EDDEB64ABF8B}
	EndGlobalSection
	GlobalSection(ExtensibilityGlobals) = postSolution
		SolutionGuid = {D43B7217-A5BD-48BF-9039-549F2C5DB93C}
	EndGlobalSection
EndGlobal
